<?xml version="1.0" encoding="utf-8"?>
<Project ToolsVersion="16.0" xmlns="http://schemas.microsoft.com/developer/msbuild/2003">
  <ItemGroup>
    <ClCompile Include="C:\Users\sr-ho\Documents\ALL_SDK\VST_SDK\VST3_SDK\public.sdk\source\vst\hosting\connectionproxy.cpp">
      <Filter>Source Files</Filter>
    </ClCompile>
    <ClCompile Include="C:\Users\sr-ho\Documents\ALL_SDK\VST_SDK\VST3_SDK\public.sdk\source\vst\hosting\eventlist.cpp">
      <Filter>Source Files</Filter>
    </ClCompile>
    <ClCompile Include="C:\Users\sr-ho\Documents\ALL_SDK\VST_SDK\VST3_SDK\public.sdk\source\vst\hosting\hostclasses.cpp">
      <Filter>Source Files</Filter>
    </ClCompile>
    <ClCompile Include="C:\Users\sr-ho\Documents\ALL_SDK\VST_SDK\VST3_SDK\public.sdk\source\vst\hosting\module.cpp">
      <Filter>Source Files</Filter>
    </ClCompile>
    <ClCompile Include="C:\Users\sr-ho\Documents\ALL_SDK\VST_SDK\VST3_SDK\public.sdk\source\vst\hosting\parameterchanges.cpp">
      <Filter>Source Files</Filter>
    </ClCompile>
    <ClCompile Include="C:\Users\sr-ho\Documents\ALL_SDK\VST_SDK\VST3_SDK\public.sdk\source\vst\hosting\pluginterfacesupport.cpp">
      <Filter>Source Files</Filter>
    </ClCompile>
    <ClCompile Include="C:\Users\sr-ho\Documents\ALL_SDK\VST_SDK\VST3_SDK\public.sdk\source\vst\hosting\processdata.cpp">
      <Filter>Source Files</Filter>
    </ClCompile>
    <ClCompile Include="C:\Users\sr-ho\Documents\ALL_SDK\VST_SDK\VST3_SDK\public.sdk\source\vst\utility\stringconvert.cpp">
      <Filter>Source Files</Filter>
    </ClCompile>
    <ClCompile Include="C:\Users\sr-ho\Documents\ALL_SDK\VST_SDK\VST3_SDK\public.sdk\source\vst\vstinitiids.cpp">
      <Filter>Source Files</Filter>
    </ClCompile>
  </ItemGroup>
  <ItemGroup>
    <ClInclude Include="C:\Users\sr-ho\Documents\ALL_SDK\VST_SDK\VST3_SDK\public.sdk\source\vst\hosting\connectionproxy.h">
      <Filter>Header Files</Filter>
    </ClInclude>
    <ClInclude Include="C:\Users\sr-ho\Documents\ALL_SDK\VST_SDK\VST3_SDK\public.sdk\source\vst\hosting\eventlist.h">
      <Filter>Header Files</Filter>
    </ClInclude>
    <ClInclude Include="C:\Users\sr-ho\Documents\ALL_SDK\VST_SDK\VST3_SDK\public.sdk\source\vst\hosting\hostclasses.h">
      <Filter>Header Files</Filter>
    </ClInclude>
    <ClInclude Include="C:\Users\sr-ho\Documents\ALL_SDK\VST_SDK\VST3_SDK\public.sdk\source\vst\hosting\module.h">
      <Filter>Header Files</Filter>
    </ClInclude>
    <ClInclude Include="C:\Users\sr-ho\Documents\ALL_SDK\VST_SDK\VST3_SDK\public.sdk\source\vst\hosting\parameterchanges.h">
      <Filter>Header Files</Filter>
    </ClInclude>
    <ClInclude Include="C:\Users\sr-ho\Documents\ALL_SDK\VST_SDK\VST3_SDK\public.sdk\source\vst\hosting\pluginterfacesupport.h">
      <Filter>Header Files</Filter>
    </ClInclude>
    <ClInclude Include="C:\Users\sr-ho\Documents\ALL_SDK\VST_SDK\VST3_SDK\public.sdk\source\vst\hosting\processdata.h">
      <Filter>Header Files</Filter>
    </ClInclude>
    <ClInclude Include="C:\Users\sr-ho\Documents\ALL_SDK\VST_SDK\VST3_SDK\public.sdk\source\vst\utility\optional.h">
      <Filter>Header Files</Filter>
    </ClInclude>
    <ClInclude Include="C:\Users\sr-ho\Documents\ALL_SDK\VST_SDK\VST3_SDK\public.sdk\source\vst\utility\stringconvert.h">
      <Filter>Header Files</Filter>
    </ClInclude>
    <ClInclude Include="C:\Users\sr-ho\Documents\ALL_SDK\VST_SDK\VST3_SDK\public.sdk\source\vst\utility\uid.h">
      <Filter>Header Files</Filter>
    </ClInclude>
    <ClInclude Include="C:\Users\sr-ho\Documents\ALL_SDK\VST_SDK\VST3_SDK\public.sdk\source\vst\utility\versionparser.h">
      <Filter>Header Files</Filter>
    </ClInclude>
  </ItemGroup>
  <ItemGroup>
    <CustomBuild Include="C:\Users\sr-ho\Documents\ALL_SDK\VST_SDK\VST3_SDK\public.sdk\CMakeLists.txt" />
  </ItemGroup>
  <ItemGroup>
    <Filter Include="Header Files">
      <UniqueIdentifier>{31AE8A40-6872-3E83-AE46-547A233ED2A0}</UniqueIdentifier>
    </Filter>
    <Filter Include="Source Files">
      <UniqueIdentifier>{4BB8913B-9348-34C4-A0FA-DBAFE3BCA81D}</UniqueIdentifier>
    </Filter>
  </ItemGroup>
</Project>
