
Microsoft Visual Studio Solution File, Format Version 12.00
# Visual Studio Version 16
Project("{2150E333-8FDC-42A3-9474-1A3956D46DE8}") = "Libraries", "Libraries", "{F67E59C6-EB86-3432-AFCB-A3CD46973B26}"
EndProject
Project("{2150E333-8FDC-42A3-9474-1A3956D46DE8}") = "Predefined", "Predefined", "{5E698B16-3BD4-3BCA-A8A1-FA1933F55ABB}"
EndProject
Project("{8BC9CEB8-8B4A-11D0-8D11-00A0C91BC942}") = "ALL_BUILD", "ALL_BUILD.vcxproj", "{634D9610-DC6B-3ABF-8BB0-275EBDC1AE7A}"
	ProjectSection(ProjectDependencies) = postProject
		{B0D897F1-87F0-36F0-9EE7-C061A519EC07} = {B0D897F1-87F0-36F0-9EE7-C061A519EC07}
		{013048C5-E8F7-3894-99A0-E7DC5E229888} = {013048C5-E8F7-3894-99A0-E7DC5E229888}
		{C6A1CCFF-49C3-35D1-A3B3-399962A323E6} = {C6A1CCFF-49C3-35D1-A3B3-399962A323E6}
		{B2EAB189-ABBE-3EFA-8298-9915C42A2912} = {B2EAB189-ABBE-3EFA-8298-9915C42A2912}
	EndProjectSection
EndProject
Project("{8BC9CEB8-8B4A-11D0-8D11-00A0C91BC942}") = "ZERO_CHECK", "..\..\..\\ZERO_CHECK.vcxproj", "{B0D897F1-87F0-36F0-9EE7-C061A519EC07}"
	ProjectSection(ProjectDependencies) = postProject
	EndProjectSection
EndProject
Project("{8BC9CEB8-8B4A-11D0-8D11-00A0C91BC942}") = "base", "..\base\base.vcxproj", "{FA351A69-161A-3D7C-9336-C03521816D32}"
	ProjectSection(ProjectDependencies) = postProject
		{B0D897F1-87F0-36F0-9EE7-C061A519EC07} = {B0D897F1-87F0-36F0-9EE7-C061A519EC07}
	EndProjectSection
EndProject
Project("{8BC9CEB8-8B4A-11D0-8D11-00A0C91BC942}") = "pluginterfaces", "..\pluginterfaces\pluginterfaces.vcxproj", "{EA56B7A9-61BA-333C-B8DE-DECFEEC15BED}"
	ProjectSection(ProjectDependencies) = postProject
		{B0D897F1-87F0-36F0-9EE7-C061A519EC07} = {B0D897F1-87F0-36F0-9EE7-C061A519EC07}
	EndProjectSection
EndProject
Project("{8BC9CEB8-8B4A-11D0-8D11-00A0C91BC942}") = "sdk", "sdk.vcxproj", "{013048C5-E8F7-3894-99A0-E7DC5E229888}"
	ProjectSection(ProjectDependencies) = postProject
		{B0D897F1-87F0-36F0-9EE7-C061A519EC07} = {B0D897F1-87F0-36F0-9EE7-C061A519EC07}
		{FA351A69-161A-3D7C-9336-C03521816D32} = {FA351A69-161A-3D7C-9336-C03521816D32}
		{EA56B7A9-61BA-333C-B8DE-DECFEEC15BED} = {EA56B7A9-61BA-333C-B8DE-DECFEEC15BED}
		{C6A1CCFF-49C3-35D1-A3B3-399962A323E6} = {C6A1CCFF-49C3-35D1-A3B3-399962A323E6}
	EndProjectSection
EndProject
Project("{8BC9CEB8-8B4A-11D0-8D11-00A0C91BC942}") = "sdk_common", "sdk_common.vcxproj", "{C6A1CCFF-49C3-35D1-A3B3-399962A323E6}"
	ProjectSection(ProjectDependencies) = postProject
		{B0D897F1-87F0-36F0-9EE7-C061A519EC07} = {B0D897F1-87F0-36F0-9EE7-C061A519EC07}
		{FA351A69-161A-3D7C-9336-C03521816D32} = {FA351A69-161A-3D7C-9336-C03521816D32}
		{EA56B7A9-61BA-333C-B8DE-DECFEEC15BED} = {EA56B7A9-61BA-333C-B8DE-DECFEEC15BED}
	EndProjectSection
EndProject
Project("{8BC9CEB8-8B4A-11D0-8D11-00A0C91BC942}") = "sdk_hosting", "sdk_hosting.vcxproj", "{B2EAB189-ABBE-3EFA-8298-9915C42A2912}"
	ProjectSection(ProjectDependencies) = postProject
		{B0D897F1-87F0-36F0-9EE7-C061A519EC07} = {B0D897F1-87F0-36F0-9EE7-C061A519EC07}
		{FA351A69-161A-3D7C-9336-C03521816D32} = {FA351A69-161A-3D7C-9336-C03521816D32}
		{EA56B7A9-61BA-333C-B8DE-DECFEEC15BED} = {EA56B7A9-61BA-333C-B8DE-DECFEEC15BED}
		{C6A1CCFF-49C3-35D1-A3B3-399962A323E6} = {C6A1CCFF-49C3-35D1-A3B3-399962A323E6}
	EndProjectSection
EndProject
Global
	GlobalSection(SolutionConfigurationPlatforms) = preSolution
		Debug|x64 = Debug|x64
		Release|x64 = Release|x64
	EndGlobalSection
	GlobalSection(ProjectConfigurationPlatforms) = postSolution
		{634D9610-DC6B-3ABF-8BB0-275EBDC1AE7A}.Debug|x64.ActiveCfg = Debug|x64
		{634D9610-DC6B-3ABF-8BB0-275EBDC1AE7A}.Release|x64.ActiveCfg = Release|x64
		{B0D897F1-87F0-36F0-9EE7-C061A519EC07}.Debug|x64.ActiveCfg = Debug|x64
		{B0D897F1-87F0-36F0-9EE7-C061A519EC07}.Debug|x64.Build.0 = Debug|x64
		{B0D897F1-87F0-36F0-9EE7-C061A519EC07}.Release|x64.ActiveCfg = Release|x64
		{B0D897F1-87F0-36F0-9EE7-C061A519EC07}.Release|x64.Build.0 = Release|x64
		{FA351A69-161A-3D7C-9336-C03521816D32}.Debug|x64.ActiveCfg = Debug|x64
		{FA351A69-161A-3D7C-9336-C03521816D32}.Debug|x64.Build.0 = Debug|x64
		{FA351A69-161A-3D7C-9336-C03521816D32}.Release|x64.ActiveCfg = Release|x64
		{FA351A69-161A-3D7C-9336-C03521816D32}.Release|x64.Build.0 = Release|x64
		{EA56B7A9-61BA-333C-B8DE-DECFEEC15BED}.Debug|x64.ActiveCfg = Debug|x64
		{EA56B7A9-61BA-333C-B8DE-DECFEEC15BED}.Debug|x64.Build.0 = Debug|x64
		{EA56B7A9-61BA-333C-B8DE-DECFEEC15BED}.Release|x64.ActiveCfg = Release|x64
		{EA56B7A9-61BA-333C-B8DE-DECFEEC15BED}.Release|x64.Build.0 = Release|x64
		{013048C5-E8F7-3894-99A0-E7DC5E229888}.Debug|x64.ActiveCfg = Debug|x64
		{013048C5-E8F7-3894-99A0-E7DC5E229888}.Debug|x64.Build.0 = Debug|x64
		{013048C5-E8F7-3894-99A0-E7DC5E229888}.Release|x64.ActiveCfg = Release|x64
		{013048C5-E8F7-3894-99A0-E7DC5E229888}.Release|x64.Build.0 = Release|x64
		{C6A1CCFF-49C3-35D1-A3B3-399962A323E6}.Debug|x64.ActiveCfg = Debug|x64
		{C6A1CCFF-49C3-35D1-A3B3-399962A323E6}.Debug|x64.Build.0 = Debug|x64
		{C6A1CCFF-49C3-35D1-A3B3-399962A323E6}.Release|x64.ActiveCfg = Release|x64
		{C6A1CCFF-49C3-35D1-A3B3-399962A323E6}.Release|x64.Build.0 = Release|x64
		{B2EAB189-ABBE-3EFA-8298-9915C42A2912}.Debug|x64.ActiveCfg = Debug|x64
		{B2EAB189-ABBE-3EFA-8298-9915C42A2912}.Debug|x64.Build.0 = Debug|x64
		{B2EAB189-ABBE-3EFA-8298-9915C42A2912}.Release|x64.ActiveCfg = Release|x64
		{B2EAB189-ABBE-3EFA-8298-9915C42A2912}.Release|x64.Build.0 = Release|x64
	EndGlobalSection
	GlobalSection(NestedProjects) = preSolution
		{FA351A69-161A-3D7C-9336-C03521816D32} = {F67E59C6-EB86-3432-AFCB-A3CD46973B26}
		{013048C5-E8F7-3894-99A0-E7DC5E229888} = {F67E59C6-EB86-3432-AFCB-A3CD46973B26}
		{634D9610-DC6B-3ABF-8BB0-275EBDC1AE7A} = {5E698B16-3BD4-3BCA-A8A1-FA1933F55ABB}
		{B0D897F1-87F0-36F0-9EE7-C061A519EC07} = {5E698B16-3BD4-3BCA-A8A1-FA1933F55ABB}
	EndGlobalSection
	GlobalSection(ExtensibilityGlobals) = postSolution
		SolutionGuid = {8CAE0D4B-D9F5-3B59-BFDC-DD17D3B46B46}
	EndGlobalSection
	GlobalSection(ExtensibilityAddIns) = postSolution
	EndGlobalSection
EndGlobal
